
Microsoft Visual Studio Solution File, Format Version 12.00
# Visual Studio 15
VisualStudioVersion = 15.0.28307.421
MinimumVisualStudioVersion = 10.0.40219.1
Project("{FAE04EC0-301F-11D3-BF4B-00C04F79EFBC}") = "HospitalJuancho", "HospitalJuancho\HospitalJuancho.csproj", "{23DFB20D-114C-40A3-A864-25927DD409B5}"
EndProject
Global
	GlobalSection(SolutionConfigurationPlatforms) = preSolution
		Debug|Any CPU = Debug|Any CPU
		Release|Any CPU = Release|Any CPU
	EndGlobalSection
	GlobalSection(ProjectConfigurationPlatforms) = postSolution
		{23DFB20D-114C-40A3-A864-25927DD409B5}.Debug|Any CPU.ActiveCfg = Debug|Any CPU
		{23DFB20D-114C-40A3-A864-25927DD409B5}.Debug|Any CPU.Build.0 = Debug|Any CPU
		{23DFB20D-114C-40A3-A864-25927DD409B5}.Release|Any CPU.ActiveCfg = Release|Any CPU
		{23DFB20D-114C-40A3-A864-25927DD409B5}.Release|Any CPU.Build.0 = Release|Any CPU
	EndGlobalSection
	GlobalSection(SolutionProperties) = preSolution
		HideSolutionNode = FALSE
	EndGlobalSection
	GlobalSection(ExtensibilityGlobals) = postSolution
		SolutionGuid = {A55E7736-786F-4DED-AC03-3E3E0F239AAB}
	EndGlobalSection
EndGlobal
